
Microsoft Visual Studio Solution File, Format Version 12.00
# Visual Studio Version 16
VisualStudioVersion = 16.0.30611.23
MinimumVisualStudioVersion = 10.0.40219.1
Project("{FAE04EC0-301F-11D3-BF4B-00C04F79EFBC}") = "PurseProjecthom", "PurseProjecthom\PurseProjecthom.csproj", "{1CB6B815-B082-4A5B-86D9-9D374C192062}"
EndProject
Project("{FAE04EC0-301F-11D3-BF4B-00C04F79EFBC}") = "LibraryMoney", "LibraryMoney\LibraryMoney.csproj", "{F6668E9E-1C1F-4245-9574-EBEFF58851A6}"
EndProject
Project("{FAE04EC0-301F-11D3-BF4B-00C04F79EFBC}") = "CreditCardLibrary", "CreditCardLibrary\CreditCardLibrary.csproj", "{D8CF0D76-D43C-4DB3-83AB-5DB606325A67}"
EndProject
Project("{FAE04EC0-301F-11D3-BF4B-00C04F79EFBC}") = "BusinesCardLibrary", "BusinesCardLibrary\BusinesCardLibrary.csproj", "{83109430-0E8E-46B6-AB01-E8850FB62075}"
EndProject
Global
	GlobalSection(SolutionConfigurationPlatforms) = preSolution
		Debug|Any CPU = Debug|Any CPU
		Release|Any CPU = Release|Any CPU
	EndGlobalSection
	GlobalSection(ProjectConfigurationPlatforms) = postSolution
		{1CB6B815-B082-4A5B-86D9-9D374C192062}.Debug|Any CPU.ActiveCfg = Debug|Any CPU
		{1CB6B815-B082-4A5B-86D9-9D374C192062}.Debug|Any CPU.Build.0 = Debug|Any CPU
		{1CB6B815-B082-4A5B-86D9-9D374C192062}.Release|Any CPU.ActiveCfg = Release|Any CPU
		{1CB6B815-B082-4A5B-86D9-9D374C192062}.Release|Any CPU.Build.0 = Release|Any CPU
		{F6668E9E-1C1F-4245-9574-EBEFF58851A6}.Debug|Any CPU.ActiveCfg = Debug|Any CPU
		{F6668E9E-1C1F-4245-9574-EBEFF58851A6}.Debug|Any CPU.Build.0 = Debug|Any CPU
		{F6668E9E-1C1F-4245-9574-EBEFF58851A6}.Release|Any CPU.ActiveCfg = Release|Any CPU
		{F6668E9E-1C1F-4245-9574-EBEFF58851A6}.Release|Any CPU.Build.0 = Release|Any CPU
		{D8CF0D76-D43C-4DB3-83AB-5DB606325A67}.Debug|Any CPU.ActiveCfg = Debug|Any CPU
		{D8CF0D76-D43C-4DB3-83AB-5DB606325A67}.Debug|Any CPU.Build.0 = Debug|Any CPU
		{D8CF0D76-D43C-4DB3-83AB-5DB606325A67}.Release|Any CPU.ActiveCfg = Release|Any CPU
		{D8CF0D76-D43C-4DB3-83AB-5DB606325A67}.Release|Any CPU.Build.0 = Release|Any CPU
		{83109430-0E8E-46B6-AB01-E8850FB62075}.Debug|Any CPU.ActiveCfg = Debug|Any CPU
		{83109430-0E8E-46B6-AB01-E8850FB62075}.Debug|Any CPU.Build.0 = Debug|Any CPU
		{83109430-0E8E-46B6-AB01-E8850FB62075}.Release|Any CPU.ActiveCfg = Release|Any CPU
		{83109430-0E8E-46B6-AB01-E8850FB62075}.Release|Any CPU.Build.0 = Release|Any CPU
	EndGlobalSection
	GlobalSection(SolutionProperties) = preSolution
		HideSolutionNode = FALSE
	EndGlobalSection
	GlobalSection(ExtensibilityGlobals) = postSolution
		SolutionGuid = {F91BDDD4-FDD2-4CC8-BDF4-DE7A5F8DBE76}
	EndGlobalSection
EndGlobal
